{
  "nodes": {
    "nixpkgs": {
      "locked": {
        "lastModified": 1624535180,
        "narHash": "sha256-G4IU8YpAcfZ3ebqvuprcWrWBQFhRC2pMWOSSfrafUf0=",
        "owner": "NixOS",
        "repo": "nixpkgs",
        "rev": "9dde08d104a9ce3b22ad375b21d3270a7589fb7a",
        "type": "github"
      },
      "original": {
        "owner": "NixOS",
        "ref": "nixpkgs-unstable",
        "repo": "nixpkgs",
        "type": "github"
      }
    },
    "root": {
      "inputs": {
        "nixpkgs": "nixpkgs",
        "utils": "utils"
      }
    },
    "utils": {
      "locked": {
        "lastModified": 1624650440,
        "narHash": "sha256-BIwYENLvbSTNYdyeVJihwi7G6bXVGrPNoOgvJ1Z1SlY=",
        "owner": "kreisys",
        "repo": "flake-utils",
        "rev": "026014b92b548ef130a7aebc84a3894f791370fc",
        "type": "github"
      },
      "original": {
        "owner": "kreisys",
        "repo": "flake-utils",
        "type": "github"
      }
    }
  },
  "root": "root",
  "version": 7
}
