{
  "nodes": {
    "nixpkgs": {
      "locked": {
        "lastModified": 1621518411,
        "narHash": "sha256-cw33BVX4wxDt0pYcApKcrwY7wE5psxE9VKuDgYKfCX4=",
        "owner": "NixOS",
        "repo": "nixpkgs",
        "rev": "a5eee47d7f49c1b629b100fa657c545153f40ba1",
        "type": "github"
      },
      "original": {
        "id": "nixpkgs",
        "type": "indirect"
      }
    },
    "root": {
      "inputs": {
        "nixpkgs": "nixpkgs",
        "utils": "utils"
      }
    },
    "utils": {
      "locked": {
        "lastModified": 1623176780,
        "narHash": "sha256-rPHOfVDzh4us1SC7Pzx5PPpMVyoHJp58GaJhfCzu1ro=",
        "owner": "kreisys",
        "repo": "flake-utils",
        "rev": "4b1d2b390cee41a43bf3cde44ba19bff6fbf0706",
        "type": "github"
      },
      "original": {
        "owner": "kreisys",
        "repo": "flake-utils",
        "type": "github"
      }
    }
  },
  "root": "root",
  "version": 7
}
